PODS:
  - Crashlytics (3.8.3):
    - Fabric (~> 1.6.3)
  - Fabric (1.6.10)
  - Nimble (5.0.0)
  - Quick (0.10.0)
  - Reveal-iOS-SDK (1.6.2)

DEPENDENCIES:
  - Crashlytics
  - Fabric
  - Nimble
  - Quick
  - Reveal-iOS-SDK

SPEC CHECKSUMS:
  Crashlytics: 2b6dbe138a42395577cfa73dfa1aa7248cadf39e
  Fabric: c73f371ee543e3f0b80608f2674750e4910d1669
  Nimble: 56fc9f5020effa2206de22c3dd910f4fb011b92f
  Quick: 5d290df1c69d5ee2f0729956dcf0fd9a30447eaa
  Reveal-iOS-SDK: e2250b3c155bcfac53ae223ddc1f76d08f206c33

PODFILE CHECKSUM: 944703d49afa6cb9e22b3fe32dc9ee49795f6840

COCOAPODS: 1.1.1
